
Microsoft Visual Studio Solution File, Format Version 12.00
# Visual Studio Version 17
VisualStudioVersion = 17.8.34330.188
MinimumVisualStudioVersion = 10.0.40219.1
Project("{8BC9CEB8-8B4A-11D0-8D11-00A0C91BC942}") = "Kmeans", "Kmeans.vcxproj", "{F30DE594-60BC-4BDB-BBC5-D679D9202263}"
EndProject
Global
	GlobalSection(SolutionConfigurationPlatforms) = preSolution
		Debug|x64 = Debug|x64
		Debug|x86 = Debug|x86
		Release|x64 = Release|x64
		Release|x86 = Release|x86
	EndGlobalSection
	GlobalSection(ProjectConfigurationPlatforms) = postSolution
		{F30DE594-60BC-4BDB-BBC5-D679D9202263}.Debug|x64.ActiveCfg = Debug|x64
		{F30DE594-60BC-4BDB-BBC5-D679D9202263}.Debug|x64.Build.0 = Debug|x64
		{F30DE594-60BC-4BDB-BBC5-D679D9202263}.Debug|x86.ActiveCfg = Debug|Win32
		{F30DE594-60BC-4BDB-BBC5-D679D9202263}.Debug|x86.Build.0 = Debug|Win32
		{F30DE594-60BC-4BDB-BBC5-D679D9202263}.Release|x64.ActiveCfg = Release|x64
		{F30DE594-60BC-4BDB-BBC5-D679D9202263}.Release|x64.Build.0 = Release|x64
		{F30DE594-60BC-4BDB-BBC5-D679D9202263}.Release|x86.ActiveCfg = Release|Win32
		{F30DE594-60BC-4BDB-BBC5-D679D9202263}.Release|x86.Build.0 = Release|Win32
	EndGlobalSection
	GlobalSection(SolutionProperties) = preSolution
		HideSolutionNode = FALSE
	EndGlobalSection
	GlobalSection(ExtensibilityGlobals) = postSolution
		SolutionGuid = {750CEF51-E6FC-4272-BB0C-042B125490EA}
	EndGlobalSection
EndGlobal
